// !$*UTF8*$!
{
	archiveVersion = 1;
	classes = {
	};
	objectVersion = 46;
	objects = {

/* Begin PBXBuildFile section */
		4DDD54341F1ABD5C0091B7C0 /* AppDelegate.swift in Sources */ = {isa = PBXBuildFile; fileRef = 4DDD54331F1ABD5C0091B7C0 /* AppDelegate.swift */; };
		4DDD54361F1ABD5C0091B7C0 /* ViewController.swift in Sources */ = {isa = PBXBuildFile; fileRef = 4DDD54351F1ABD5C0091B7C0 /* ViewController.swift */; };
		4DDD54391F1ABD5C0091B7C0 /* Main.storyboard in Resources */ = {isa = PBXBuildFile; fileRef = 4DDD54371F1ABD5C0091B7C0 /* Main.storyboard */; };
		4DDD543B1F1ABD5C0091B7C0 /* Assets.xcassets in Resources */ = {isa = PBXBuildFile; fileRef = 4DDD543A1F1ABD5C0091B7C0 /* Assets.xcassets */; };
		4DDD543E1F1ABD5C0091B7C0 /* LaunchScreen.storyboard in Resources */ = {isa = PBXBuildFile; fileRef = 4DDD543C1F1ABD5C0091B7C0 /* LaunchScreen.storyboard */; };
		4DDD54491F1ABD5C0091B7C0 /* FoodTrackeerTests.swift in Sources */ = {isa = PBXBuildFile; fileRef = 4DDD54481F1ABD5C0091B7C0 /* FoodTrackeerTests.swift */; };
/* End PBXBuildFile section */

/* Begin PBXContainerItemProxy section */
		4DDD54451F1ABD5C0091B7C0 /* PBXContainerItemProxy */ = {
			isa = PBXContainerItemProxy;
			containerPortal = 4DDD54281F1ABD5C0091B7C0 /* Project object */;
			proxyType = 1;
			remoteGlobalIDString = 4DDD542F1F1ABD5C0091B7C0;
			remoteInfo = FoodTrackeer;
		};
/* End PBXContainerItemProxy section */

/* Begin PBXFileReference section */
		4DDD54301F1ABD5C0091B7C0 /* FoodTrackeer.app */ = {isa = PBXFileReference; explicitFileType = wrapper.application; includeInIndex = 0; path = FoodTrackeer.app; sourceTree = BUILT_PRODUCTS_DIR; };
		4DDD54331F1ABD5C0091B7C0 /* AppDelegate.swift */ = {isa = PBXFileReference; lastKnownFileType = sourcecode.swift; path = AppDelegate.swift; sourceTree = "<group>"; };
		4DDD54351F1ABD5C0091B7C0 /* ViewController.swift */ = {isa = PBXFileReference; lastKnownFileType = sourcecode.swift; path = ViewController.swift; sourceTree = "<group>"; };
		4DDD54381F1ABD5C0091B7C0 /* Base */ = {isa = PBXFileReference; lastKnownFileType = file.storyboard; name = Base; path = Base.lproj/Main.storyboard; sourceTree = "<group>"; };
		4DDD543A1F1ABD5C0091B7C0 /* Assets.xcassets */ = {isa = PBXFileReference; lastKnownFileType = folder.assetcatalog; path = Assets.xcassets; sourceTree = "<group>"; };
		4DDD543D1F1ABD5C0091B7C0 /* Base */ = {isa = PBXFileReference; lastKnownFileType = file.storyboard; name = Base; path = Base.lproj/LaunchScreen.storyboard; sourceTree = "<group>"; };
		4DDD543F1F1ABD5C0091B7C0 /* Info.plist */ = {isa = PBXFileReference; lastKnownFileType = text.plist.xml; path = Info.plist; sourceTree = "<group>"; };
		4DDD54441F1ABD5C0091B7C0 /* FoodTrackeerTests.xctest */ = {isa = PBXFileReference; explicitFileType = wrapper.cfbundle; includeInIndex = 0; path = FoodTrackeerTests.xctest; sourceTree = BUILT_PRODUCTS_DIR; };
		4DDD54481F1ABD5C0091B7C0 /* FoodTrackeerTests.swift */ = {isa = PBXFileReference; lastKnownFileType = sourcecode.swift; path = FoodTrackeerTests.swift; sourceTree = "<group>"; };
		4DDD544A1F1ABD5C0091B7C0 /* Info.plist */ = {isa = PBXFileReference; lastKnownFileType = text.plist.xml; path = Info.plist; sourceTree = "<group>"; };
/* End PBXFileReference section */

/* Begin PBXFrameworksBuildPhase section */
		4DDD542D1F1ABD5C0091B7C0 /* Frameworks */ = {
			isa = PBXFrameworksBuildPhase;
			buildActionMask = 2147483647;
			files = (
			);
			runOnlyForDeploymentPostprocessing = 0;
		};
		4DDD54411F1ABD5C0091B7C0 /* Frameworks */ = {
			isa = PBXFrameworksBuildPhase;
			buildActionMask = 2147483647;
			files = (
			);
			runOnlyForDeploymentPostprocessing = 0;
		};
/* End PBXFrameworksBuildPhase section */

/* Begin PBXGroup section */
		4DDD54271F1ABD5C0091B7C0 = {
			isa = PBXGroup;
			children = (
				4DDD54321F1ABD5C0091B7C0 /* FoodTrackeer */,
				4DDD54471F1ABD5C0091B7C0 /* FoodTrackeerTests */,
				4DDD54311F1ABD5C0091B7C0 /* Products */,
			);
			sourceTree = "<group>";
		};
		4DDD54311F1ABD5C0091B7C0 /* Products */ = {
			isa = PBXGroup;
			children = (
				4DDD54301F1ABD5C0091B7C0 /* FoodTrackeer.app */,
				4DDD54441F1ABD5C0091B7C0 /* FoodTrackeerTests.xctest */,
			);
			name = Products;
			sourceTree = "<group>";
		};
		4DDD54321F1ABD5C0091B7C0 /* FoodTrackeer */ = {
			isa = PBXGroup;
			children = (
				4DDD54331F1ABD5C0091B7C0 /* AppDelegate.swift */,
				4DDD54351F1ABD5C0091B7C0 /* ViewController.swift */,
				4DDD54371F1ABD5C0091B7C0 /* Main.storyboard */,
				4DDD543A1F1ABD5C0091B7C0 /* Assets.xcassets */,
				4DDD543C1F1ABD5C0091B7C0 /* LaunchScreen.storyboard */,
				4DDD543F1F1ABD5C0091B7C0 /* Info.plist */,
			);
			path = FoodTrackeer;
			sourceTree = "<group>";
		};
		4DDD54471F1ABD5C0091B7C0 /* FoodTrackeerTests */ = {
			isa = PBXGroup;
			children = (
				4DDD54481F1ABD5C0091B7C0 /* FoodTrackeerTests.swift */,
				4DDD544A1F1ABD5C0091B7C0 /* Info.plist */,
			);
			path = FoodTrackeerTests;
			sourceTree = "<group>";
		};
/* End PBXGroup section */

/* Begin PBXNativeTarget section */
		4DDD542F1F1ABD5C0091B7C0 /* FoodTrackeer */ = {
			isa = PBXNativeTarget;
			buildConfigurationList = 4DDD544D1F1ABD5C0091B7C0 /* Build configuration list for PBXNativeTarget "FoodTrackeer" */;
			buildPhases = (
				4DDD542C1F1ABD5C0091B7C0 /* Sources */,
				4DDD542D1F1ABD5C0091B7C0 /* Frameworks */,
				4DDD542E1F1ABD5C0091B7C0 /* Resources */,
			);
			buildRules = (
			);
			dependencies = (
			);
			name = FoodTrackeer;
			productName = FoodTrackeer;
			productReference = 4DDD54301F1ABD5C0091B7C0 /* FoodTrackeer.app */;
			productType = "com.apple.product-type.application";
		};
		4DDD54431F1ABD5C0091B7C0 /* FoodTrackeerTests */ = {
			isa = PBXNativeTarget;
			buildConfigurationList = 4DDD54501F1ABD5C0091B7C0 /* Build configuration list for PBXNativeTarget "FoodTrackeerTests" */;
			buildPhases = (
				4DDD54401F1ABD5C0091B7C0 /* Sources */,
				4DDD54411F1ABD5C0091B7C0 /* Frameworks */,
				4DDD54421F1ABD5C0091B7C0 /* Resources */,
			);
			buildRules = (
			);
			dependencies = (
				4DDD54461F1ABD5C0091B7C0 /* PBXTargetDependency */,
			);
			name = FoodTrackeerTests;
			productName = FoodTrackeerTests;
			productReference = 4DDD54441F1ABD5C0091B7C0 /* FoodTrackeerTests.xctest */;
			productType = "com.apple.product-type.bundle.unit-test";
		};
/* End PBXNativeTarget section */

/* Begin PBXProject section */
		4DDD54281F1ABD5C0091B7C0 /* Project object */ = {
			isa = PBXProject;
			attributes = {
				LastSwiftUpdateCheck = 0830;
				LastUpgradeCheck = 0830;
				ORGANIZATIONNAME = "One Round Technology";
				TargetAttributes = {
					4DDD542F1F1ABD5C0091B7C0 = {
						CreatedOnToolsVersion = 8.3.3;
						ProvisioningStyle = Automatic;
					};
					4DDD54431F1ABD5C0091B7C0 = {
						CreatedOnToolsVersion = 8.3.3;
						ProvisioningStyle = Automatic;
						TestTargetID = 4DDD542F1F1ABD5C0091B7C0;
					};
				};
			};
			buildConfigurationList = 4DDD542B1F1ABD5C0091B7C0 /* Build configuration list for PBXProject "FoodTrackeer" */;
			compatibilityVersion = "Xcode 3.2";
			developmentRegion = English;
			hasScannedForEncodings = 0;
			knownRegions = (
				en,
				Base,
			);
			mainGroup = 4DDD54271F1ABD5C0091B7C0;
			productRefGroup = 4DDD54311F1ABD5C0091B7C0 /* Products */;
			projectDirPath = "";
			projectRoot = "";
			targets = (
				4DDD542F1F1ABD5C0091B7C0 /* FoodTrackeer */,
				4DDD54431F1ABD5C0091B7C0 /* FoodTrackeerTests */,
			);
		};
/* End PBXProject section */

/* Begin PBXResourcesBuildPhase section */
		4DDD542E1F1ABD5C0091B7C0 /* Resources */ = {
			isa = PBXResourcesBuildPhase;
			buildActionMask = 2147483647;
			files = (
				4DDD543E1F1ABD5C0091B7C0 /* LaunchScreen.storyboard in Resources */,
				4DDD543B1F1ABD5C0091B7C0 /* Assets.xcassets in Resources */,
				4DDD54391F1ABD5C0091B7C0 /* Main.storyboard in Resources */,
			);
			runOnlyForDeploymentPostprocessing = 0;
		};
		4DDD54421F1ABD5C0091B7C0 /* Resources */ = {
			isa = PBXResourcesBuildPhase;
			buildActionMask = 2147483647;
			files = (
			);
			runOnlyForDeploymentPostprocessing = 0;
		};
/* End PBXResourcesBuildPhase section */

/* Begin PBXSourcesBuildPhase section */
		4DDD542C1F1ABD5C0091B7C0 /* Sources */ = {
			isa = PBXSourcesBuildPhase;
			buildActionMask = 2147483647;
			files = (
				4DDD54361F1ABD5C0091B7C0 /* ViewController.swift in Sources */,
				4DDD54341F1ABD5C0091B7C0 /* AppDelegate.swift in Sources */,
			);
			runOnlyForDeploymentPostprocessing = 0;
		};
		4DDD54401F1ABD5C0091B7C0 /* Sources */ = {
			isa = PBXSourcesBuildPhase;
			buildActionMask = 2147483647;
			files = (
				4DDD54491F1ABD5C0091B7C0 /* FoodTrackeerTests.swift in Sources */,
			);
			runOnlyForDeploymentPostprocessing = 0;
		};
/* End PBXSourcesBuildPhase section */

/* Begin PBXTargetDependency section */
		4DDD54461F1ABD5C0091B7C0 /* PBXTargetDependency */ = {
			isa = PBXTargetDependency;
			target = 4DDD542F1F1ABD5C0091B7C0 /* FoodTrackeer */;
			targetProxy = 4DDD54451F1ABD5C0091B7C0 /* PBXContainerItemProxy */;
		};
/* End PBXTargetDependency section */

/* Begin PBXVariantGroup section */
		4DDD54371F1ABD5C0091B7C0 /* Main.storyboard */ = {
			isa = PBXVariantGroup;
			children = (
				4DDD54381F1ABD5C0091B7C0 /* Base */,
			);
			name = Main.storyboard;
			sourceTree = "<group>";
		};
		4DDD543C1F1ABD5C0091B7C0 /* LaunchScreen.storyboard */ = {
			isa = PBXVariantGroup;
			children = (
				4DDD543D1F1ABD5C0091B7C0 /* Base */,
			);
			name = LaunchScreen.storyboard;
			sourceTree = "<group>";
		};
/* End PBXVariantGroup section */

/* Begin XCBuildConfiguration section */
		4DDD544B1F1ABD5C0091B7C0 /* Debug */ = {
			isa = XCBuildConfiguration;
			buildSettings = {
				ALWAYS_SEARCH_USER_PATHS = NO;
				CLANG_ANALYZER_NONNULL = YES;
				CLANG_ANALYZER_NUMBER_OBJECT_CONVERSION = YES_AGGRESSIVE;
				CLANG_CXX_LANGUAGE_STANDARD = "gnu++0x";
				CLANG_CXX_LIBRARY = "libc++";
				CLANG_ENABLE_MODULES = YES;
				CLANG_ENABLE_OBJC_ARC = YES;
				CLANG_WARN_BOOL_CONVERSION = YES;
				CLANG_WARN_CONSTANT_CONVERSION = YES;
				CLANG_WARN_DIRECT_OBJC_ISA_USAGE = YES_ERROR;
				CLANG_WARN_DOCUMENTATION_COMMENTS = YES;
				CLANG_WARN_EMPTY_BODY = YES;
				CLANG_WARN_ENUM_CONVERSION = YES;
				CLANG_WARN_INFINITE_RECURSION = YES;
				CLANG_WARN_INT_CONVERSION = YES;
				CLANG_WARN_OBJC_ROOT_CLASS = YES_ERROR;
				CLANG_WARN_SUSPICIOUS_MOVE = YES;
				CLANG_WARN_UNREACHABLE_CODE = YES;
				CLANG_WARN__DUPLICATE_METHOD_MATCH = YES;
				"CODE_SIGN_IDENTITY[sdk=iphoneos*]" = "iPhone Developer";
				COPY_PHASE_STRIP = NO;
				DEBUG_INFORMATION_FORMAT = dwarf;
				ENABLE_STRICT_OBJC_MSGSEND = YES;
				ENABLE_TESTABILITY = YES;
				GCC_C_LANGUAGE_STANDARD = gnu99;
				GCC_DYNAMIC_NO_PIC = NO;
				GCC_NO_COMMON_BLOCKS = YES;
				GCC_OPTIMIZATION_LEVEL = 0;
				GCC_PREPROCESSOR_DEFINITIONS = (
					"DEBUG=1",
					"$(inherited)",
				);
				GCC_WARN_64_TO_32_BIT_CONVERSION = YES;
				GCC_WARN_ABOUT_RETURN_TYPE = YES_ERROR;
				GCC_WARN_UNDECLARED_SELECTOR = YES;
				GCC_WARN_UNINITIALIZED_AUTOS = YES_AGGRESSIVE;
				GCC_WARN_UNUSED_FUNCTION = YES;
				GCC_WARN_UNUSED_VARIABLE = YES;
				IPHONEOS_DEPLOYMENT_TARGET = 10.3;
				MTL_ENABLE_DEBUG_INFO = YES;
				ONLY_ACTIVE_ARCH = YES;
				SDKROOT = iphoneos;
				SWIFT_ACTIVE_COMPILATION_CONDITIONS = DEBUG;
				SWIFT_OPTIMIZATION_LEVEL = "-Onone";
				TARGETED_DEVICE_FAMILY = "1,2";
			};
			name = Debug;
		};
		4DDD544C1F1ABD5C0091B7C0 /* Release */ = {
			isa = XCBuildConfiguration;
			buildSettings = {
				ALWAYS_SEARCH_USER_PATHS = NO;
				CLANG_ANALYZER_NONNULL = YES;
				CLANG_ANALYZER_NUMBER_OBJECT_CONVERSION = YES_AGGRESSIVE;
				CLANG_CXX_LANGUAGE_STANDARD = "gnu++0x";
				CLANG_CXX_LIBRARY = "libc++";
				CLANG_ENABLE_MODULES = YES;
				CLANG_ENABLE_OBJC_ARC = YES;
				CLANG_WARN_BOOL_CONVERSION = YES;
				CLANG_WARN_CONSTANT_CONVERSION = YES;
				CLANG_WARN_DIRECT_OBJC_ISA_USAGE = YES_ERROR;
				CLANG_WARN_DOCUMENTATION_COMMENTS = YES;
				CLANG_WARN_EMPTY_BODY = YES;
				CLANG_WARN_ENUM_CONVERSION = YES;
				CLANG_WARN_INFINITE_RECURSION = YES;
				CLANG_WARN_INT_CONVERSION = YES;
				CLANG_WARN_OBJC_ROOT_CLASS = YES_ERROR;
				CLANG_WARN_SUSPICIOUS_MOVE = YES;
				CLANG_WARN_UNREACHABLE_CODE = YES;
				CLANG_WARN__DUPLICATE_METHOD_MATCH = YES;
				"CODE_SIGN_IDENTITY[sdk=iphoneos*]" = "iPhone Developer";
				COPY_PHASE_STRIP = NO;
				DEBUG_INFORMATION_FORMAT = "dwarf-with-dsym";
				ENABLE_NS_ASSERTIONS = NO;
				ENABLE_STRICT_OBJC_MSGSEND = YES;
				GCC_C_LANGUAGE_STANDARD = gnu99;
				GCC_NO_COMMON_BLOCKS = YES;
				GCC_WARN_64_TO_32_BIT_CONVERSION = YES;
				GCC_WARN_ABOUT_RETURN_TYPE = YES_ERROR;
				GCC_WARN_UNDECLARED_SELECTOR = YES;
				GCC_WARN_UNINITIALIZED_AUTOS = YES_AGGRESSIVE;
				GCC_WARN_UNUSED_FUNCTION = YES;
				GCC_WARN_UNUSED_VARIABLE = YES;
				IPHONEOS_DEPLOYMENT_TARGET = 10.3;
				MTL_ENABLE_DEBUG_INFO = NO;
				SDKROOT = iphoneos;
				SWIFT_OPTIMIZATION_LEVEL = "-Owholemodule";
				TARGETED_DEVICE_FAMILY = "1,2";
				VALIDATE_PRODUCT = YES;
			};
			name = Release;
		};
		4DDD544E1F1ABD5C0091B7C0 /* Debug */ = {
			isa = XCBuildConfiguration;
			buildSettings = {
				ASSETCATALOG_COMPILER_APPICON_NAME = AppIcon;
				INFOPLIST_FILE = FoodTrackeer/Info.plist;
				LD_RUNPATH_SEARCH_PATHS = "$(inherited) @executable_path/Frameworks";
				PRODUCT_BUNDLE_IDENTIFIER = comOneRoundTechnology.FoodTrackeer;
				PRODUCT_NAME = "$(TARGET_NAME)";
				SWIFT_VERSION = 3.0;
			};
			name = Debug;
		};
		4DDD544F1F1ABD5C0091B7C0 /* Release */ = {
			isa = XCBuildConfiguration;
			buildSettings = {
				ASSETCATALOG_COMPILER_APPICON_NAME = AppIcon;
				INFOPLIST_FILE = FoodTrackeer/Info.plist;
				LD_RUNPATH_SEARCH_PATHS = "$(inherited) @executable_path/Frameworks";
				PRODUCT_BUNDLE_IDENTIFIER = comOneRoundTechnology.FoodTrackeer;
				PRODUCT_NAME = "$(TARGET_NAME)";
				SWIFT_VERSION = 3.0;
			};
			name = Release;
		};
		4DDD54511F1ABD5C0091B7C0 /* Debug */ = {
			isa = XCBuildConfiguration;
			buildSettings = {
				ALWAYS_EMBED_SWIFT_STANDARD_LIBRARIES = YES;
				BUNDLE_LOADER = "$(TEST_HOST)";
				INFOPLIST_FILE = FoodTrackeerTests/Info.plist;
				LD_RUNPATH_SEARCH_PATHS = "$(inherited) @executable_path/Frameworks @loader_path/Frameworks";
				PRODUCT_BUNDLE_IDENTIFIER = comOneRoundTechnology.FoodTrackeerTests;
				PRODUCT_NAME = "$(TARGET_NAME)";
				SWIFT_VERSION = 3.0;
				TEST_HOST = "$(BUILT_PRODUCTS_DIR)/FoodTrackeer.app/FoodTrackeer";
			};
			name = Debug;
		};
		4DDD54521F1ABD5C0091B7C0 /* Release */ = {
			isa = XCBuildConfiguration;
			buildSettings = {
				ALWAYS_EMBED_SWIFT_STANDARD_LIBRARIES = YES;
				BUNDLE_LOADER = "$(TEST_HOST)";
				INFOPLIST_FILE = FoodTrackeerTests/Info.plist;
				LD_RUNPATH_SEARCH_PATHS = "$(inherited) @executable_path/Frameworks @loader_path/Frameworks";
				PRODUCT_BUNDLE_IDENTIFIER = comOneRoundTechnology.FoodTrackeerTests;
				PRODUCT_NAME = "$(TARGET_NAME)";
				SWIFT_VERSION = 3.0;
				TEST_HOST = "$(BUILT_PRODUCTS_DIR)/FoodTrackeer.app/FoodTrackeer";
			};
			name = Release;
		};
/* End XCBuildConfiguration section */

/* Begin XCConfigurationList section */
		4DDD542B1F1ABD5C0091B7C0 /* Build configuration list for PBXProject "FoodTrackeer" */ = {
			isa = XCConfigurationList;
			buildConfigurations = (
				4DDD544B1F1ABD5C0091B7C0 /* Debug */,
				4DDD544C1F1ABD5C0091B7C0 /* Release */,
			);
			defaultConfigurationIsVisible = 0;
			defaultConfigurationName = Release;
		};
		4DDD544D1F1ABD5C0091B7C0 /* Build configuration list for PBXNativeTarget "FoodTrackeer" */ = {
			isa = XCConfigurationList;
			buildConfigurations = (
				4DDD544E1F1ABD5C0091B7C0 /* Debug */,
				4DDD544F1F1ABD5C0091B7C0 /* Release */,
			);
			defaultConfigurationIsVisible = 0;
		};
		4DDD54501F1ABD5C0091B7C0 /* Build configuration list for PBXNativeTarget "FoodTrackeerTests" */ = {
			isa = XCConfigurationList;
			buildConfigurations = (
				4DDD54511F1ABD5C0091B7C0 /* Debug */,
				4DDD54521F1ABD5C0091B7C0 /* Release */,
			);
			defaultConfigurationIsVisible = 0;
		};
/* End XCConfigurationList section */
	};
	rootObject = 4DDD54281F1ABD5C0091B7C0 /* Project object */;
}
